github.com/SebastiaanKlippert/go-wkhtmltopdf v1.6.0 h1:Rq8F5akx2Mpj5BehnEdrE3QdFV1pEvaSeB4bm1Z66Ho=
github.com/SebastiaanKlippert/go-wkhtmltopdf v1.6.0/go.mod h1:zRBvVJtIfhaWvQ9lPIkXrtona4qqSmjZ1HfKvq4dQzI=
github.com/c-seeger/Golang-HTML-TO-PDF-Converter v0.0.0-20201126122206-bf4ddaefb6d3 h1:eHIbisCGL0NYbVWTv4MsnlM9WkjsoEBWgddrVGzld4s=
github.com/c-seeger/Golang-HTML-TO-PDF-Converter v0.0.0-20201126122206-bf4ddaefb6d3/go.mod h1:KdcFUcaGJzgl4SSx9OgoHy/ZKXfjA+v0erGthpgKrr8=
